
Microsoft Visual Studio Solution File, Format Version 12.00
# Visual Studio Version 17
VisualStudioVersion = 17.10.35027.167
MinimumVisualStudioVersion = 10.0.40219.1
Project("{FAE04EC0-301F-11D3-BF4B-00C04F79EFBC}") = "AP190139Desafio1", "AP190139Desafio1\AP190139Desafio1.csproj", "{6F66B8B4-BB57-4A5D-A365-C5E349D66578}"
EndProject
Global
	GlobalSection(SolutionConfigurationPlatforms) = preSolution
		Debug|Any CPU = Debug|Any CPU
		Release|Any CPU = Release|Any CPU
	EndGlobalSection
	GlobalSection(ProjectConfigurationPlatforms) = postSolution
		{6F66B8B4-BB57-4A5D-A365-C5E349D66578}.Debug|Any CPU.ActiveCfg = Debug|Any CPU
		{6F66B8B4-BB57-4A5D-A365-C5E349D66578}.Debug|Any CPU.Build.0 = Debug|Any CPU
		{6F66B8B4-BB57-4A5D-A365-C5E349D66578}.Release|Any CPU.ActiveCfg = Release|Any CPU
		{6F66B8B4-BB57-4A5D-A365-C5E349D66578}.Release|Any CPU.Build.0 = Release|Any CPU
	EndGlobalSection
	GlobalSection(SolutionProperties) = preSolution
		HideSolutionNode = FALSE
	EndGlobalSection
	GlobalSection(ExtensibilityGlobals) = postSolution
		SolutionGuid = {46554F90-57AA-4B11-8C68-36984B4EC246}
	EndGlobalSection
EndGlobal
